
Microsoft Visual Studio Solution File, Format Version 12.00
# Visual Studio Version 16
VisualStudioVersion = 16.0.30907.101
MinimumVisualStudioVersion = 10.0.40219.1
Project("{FAE04EC0-301F-11D3-BF4B-00C04F79EFBC}") = "Ay Cicegi Pansiyon Uygulamasi", "Ay Cicegi Pansiyon Uygulamasi\Ay Cicegi Pansiyon Uygulamasi.csproj", "{43070944-3C38-46F3-B485-35B506B7C50D}"
EndProject
Global
	GlobalSection(SolutionConfigurationPlatforms) = preSolution
		Debug|Any CPU = Debug|Any CPU
		Release|Any CPU = Release|Any CPU
	EndGlobalSection
	GlobalSection(ProjectConfigurationPlatforms) = postSolution
		{43070944-3C38-46F3-B485-35B506B7C50D}.Debug|Any CPU.ActiveCfg = Debug|Any CPU
		{43070944-3C38-46F3-B485-35B506B7C50D}.Debug|Any CPU.Build.0 = Debug|Any CPU
		{43070944-3C38-46F3-B485-35B506B7C50D}.Release|Any CPU.ActiveCfg = Release|Any CPU
		{43070944-3C38-46F3-B485-35B506B7C50D}.Release|Any CPU.Build.0 = Release|Any CPU
	EndGlobalSection
	GlobalSection(SolutionProperties) = preSolution
		HideSolutionNode = FALSE
	EndGlobalSection
	GlobalSection(ExtensibilityGlobals) = postSolution
		SolutionGuid = {99BF0D69-8A28-4BB1-9A6C-ED6679C65C87}
	EndGlobalSection
EndGlobal
